
Microsoft Visual Studio Solution File, Format Version 12.00
# Visual Studio Version 17
VisualStudioVersion = 17.10.35122.118
MinimumVisualStudioVersion = 10.0.40219.1
Project("{9A19103F-16F7-4668-BE54-9A1E7A4F7556}") = "Catalog.API", "Catalog.API\Catalog.API.csproj", "{044CFD56-EF91-40D1-BD9E-B6515D675403}"
EndProject
Project("{E53339B2-1760-4266-BCC7-CA923CBCF16C}") = "docker-compose", "docker-compose.dcproj", "{357D82CA-6E23-4AAD-AD49-DB03743EBCCB}"
EndProject
Global
	GlobalSection(SolutionConfigurationPlatforms) = preSolution
		Debug|Any CPU = Debug|Any CPU
		Release|Any CPU = Release|Any CPU
	EndGlobalSection
	GlobalSection(ProjectConfigurationPlatforms) = postSolution
		{044CFD56-EF91-40D1-BD9E-B6515D675403}.Debug|Any CPU.ActiveCfg = Debug|Any CPU
		{044CFD56-EF91-40D1-BD9E-B6515D675403}.Debug|Any CPU.Build.0 = Debug|Any CPU
		{044CFD56-EF91-40D1-BD9E-B6515D675403}.Release|Any CPU.ActiveCfg = Release|Any CPU
		{044CFD56-EF91-40D1-BD9E-B6515D675403}.Release|Any CPU.Build.0 = Release|Any CPU
		{357D82CA-6E23-4AAD-AD49-DB03743EBCCB}.Debug|Any CPU.ActiveCfg = Debug|Any CPU
		{357D82CA-6E23-4AAD-AD49-DB03743EBCCB}.Debug|Any CPU.Build.0 = Debug|Any CPU
		{357D82CA-6E23-4AAD-AD49-DB03743EBCCB}.Release|Any CPU.ActiveCfg = Release|Any CPU
		{357D82CA-6E23-4AAD-AD49-DB03743EBCCB}.Release|Any CPU.Build.0 = Release|Any CPU
	EndGlobalSection
	GlobalSection(SolutionProperties) = preSolution
		HideSolutionNode = FALSE
	EndGlobalSection
	GlobalSection(ExtensibilityGlobals) = postSolution
		SolutionGuid = {9D037E44-9D42-405C-AF40-71D73E0351CE}
	EndGlobalSection
EndGlobal
